
Microsoft Visual Studio Solution File, Format Version 12.00
# Visual Studio Version 16
VisualStudioVersion = 16.0.30611.23
MinimumVisualStudioVersion = 10.0.40219.1
Project("{FAE04EC0-301F-11D3-BF4B-00C04F79EFBC}") = "Battleship Board Game", "Battleship Board Game\Battleship Board Game.csproj", "{DC1E950B-EC42-46FB-938C-01A71A072FAB}"
EndProject
Global
	GlobalSection(SolutionConfigurationPlatforms) = preSolution
		Debug|Any CPU = Debug|Any CPU
		Release|Any CPU = Release|Any CPU
	EndGlobalSection
	GlobalSection(ProjectConfigurationPlatforms) = postSolution
		{DC1E950B-EC42-46FB-938C-01A71A072FAB}.Debug|Any CPU.ActiveCfg = Debug|Any CPU
		{DC1E950B-EC42-46FB-938C-01A71A072FAB}.Debug|Any CPU.Build.0 = Debug|Any CPU
		{DC1E950B-EC42-46FB-938C-01A71A072FAB}.Release|Any CPU.ActiveCfg = Release|Any CPU
		{DC1E950B-EC42-46FB-938C-01A71A072FAB}.Release|Any CPU.Build.0 = Release|Any CPU
	EndGlobalSection
	GlobalSection(SolutionProperties) = preSolution
		HideSolutionNode = FALSE
	EndGlobalSection
	GlobalSection(ExtensibilityGlobals) = postSolution
		SolutionGuid = {CB5C9AD8-05C8-4B13-A706-E2E0A1A1C034}
	EndGlobalSection
EndGlobal
